{
  "name": "@gestaltview/nextgen-rendering-engine",
  "version": "0.1.0",
  "lockfileVersion": 3,
  "requires": true,
  "packages": {
    "": {
      "name": "@gestaltview/nextgen-rendering-engine",
      "version": "0.1.0",
      "license": "UNLICENSED",
      "bin": {
        "gestalt-render": "dist/cli/index.js"
      }
    }
  }
}
